{
  "name": "ng-matero",
  "version": "19.0.0",
  "lockfileVersion": 3,
  "requires": true,
  "packages": {
    "": {
      "name": "ng-matero",
      "version": "19.0.0",
      "license": "MIT",
      "dependencies": {
        "ng-matero": "file:"
      }
    },
    "node_modules/ng-matero": {
      "resolved": "",
      "link": true
    }
  }
}
